
Microsoft Visual Studio Solution File, Format Version 12.00
# Visual Studio Version 17
VisualStudioVersion = 17.3.32922.545
MinimumVisualStudioVersion = 10.0.40219.1
Project("{8BC9CEB8-8B4A-11D0-8D11-00A0C91BC942}") = "world", "world\world.vcxproj", "{FF27F365-8AF6-4AEC-89AB-73600D473B46}"
EndProject
Project("{8BC9CEB8-8B4A-11D0-8D11-00A0C91BC942}") = "hello", "hello\hello.vcxproj", "{C53C1D61-4B10-467A-92C1-1B9DFE4B3C63}"
EndProject
Project("{8BC9CEB8-8B4A-11D0-8D11-00A0C91BC942}") = "soldier", "soldier\soldier.vcxproj", "{AB0FE410-FFD6-48C7-9519-188F4378B87F}"
EndProject
Project("{8BC9CEB8-8B4A-11D0-8D11-00A0C91BC942}") = "grid", "grid\grid.vcxproj", "{F6F175AB-B753-4B1B-AF7E-0FD805E29590}"
EndProject
Project("{8BC9CEB8-8B4A-11D0-8D11-00A0C91BC942}") = "dgrid", "dgrid\dgrid.vcxproj", "{C9F3CEA0-5307-4F9A-81DE-9D274A13D3F9}"
EndProject
Project("{8BC9CEB8-8B4A-11D0-8D11-00A0C91BC942}") = "viewer", "viewer\viewer.vcxproj", "{3A1032D6-653E-4737-87A7-9B7D33A1F617}"
EndProject
Project("{8BC9CEB8-8B4A-11D0-8D11-00A0C91BC942}") = "battle", "battle\battle.vcxproj", "{5B288F83-43DA-4E04-9B50-D5D61CCBE123}"
EndProject
Global
	GlobalSection(SolutionConfigurationPlatforms) = preSolution
		Debug|x64 = Debug|x64
		Release|x64 = Release|x64
	EndGlobalSection
	GlobalSection(ProjectConfigurationPlatforms) = postSolution
		{FF27F365-8AF6-4AEC-89AB-73600D473B46}.Debug|x64.ActiveCfg = Debug|x64
		{FF27F365-8AF6-4AEC-89AB-73600D473B46}.Debug|x64.Build.0 = Debug|x64
		{FF27F365-8AF6-4AEC-89AB-73600D473B46}.Release|x64.ActiveCfg = Release|x64
		{FF27F365-8AF6-4AEC-89AB-73600D473B46}.Release|x64.Build.0 = Release|x64
		{C53C1D61-4B10-467A-92C1-1B9DFE4B3C63}.Debug|x64.ActiveCfg = Debug|x64
		{C53C1D61-4B10-467A-92C1-1B9DFE4B3C63}.Debug|x64.Build.0 = Debug|x64
		{C53C1D61-4B10-467A-92C1-1B9DFE4B3C63}.Release|x64.ActiveCfg = Release|x64
		{C53C1D61-4B10-467A-92C1-1B9DFE4B3C63}.Release|x64.Build.0 = Release|x64
		{AB0FE410-FFD6-48C7-9519-188F4378B87F}.Debug|x64.ActiveCfg = Debug|x64
		{AB0FE410-FFD6-48C7-9519-188F4378B87F}.Debug|x64.Build.0 = Debug|x64
		{AB0FE410-FFD6-48C7-9519-188F4378B87F}.Release|x64.ActiveCfg = Release|x64
		{AB0FE410-FFD6-48C7-9519-188F4378B87F}.Release|x64.Build.0 = Release|x64
		{F6F175AB-B753-4B1B-AF7E-0FD805E29590}.Debug|x64.ActiveCfg = Debug|x64
		{F6F175AB-B753-4B1B-AF7E-0FD805E29590}.Debug|x64.Build.0 = Debug|x64
		{F6F175AB-B753-4B1B-AF7E-0FD805E29590}.Release|x64.ActiveCfg = Release|x64
		{F6F175AB-B753-4B1B-AF7E-0FD805E29590}.Release|x64.Build.0 = Release|x64
		{C9F3CEA0-5307-4F9A-81DE-9D274A13D3F9}.Debug|x64.ActiveCfg = Debug|x64
		{C9F3CEA0-5307-4F9A-81DE-9D274A13D3F9}.Debug|x64.Build.0 = Debug|x64
		{C9F3CEA0-5307-4F9A-81DE-9D274A13D3F9}.Release|x64.ActiveCfg = Release|x64
		{C9F3CEA0-5307-4F9A-81DE-9D274A13D3F9}.Release|x64.Build.0 = Release|x64
		{3A1032D6-653E-4737-87A7-9B7D33A1F617}.Debug|x64.ActiveCfg = Debug|x64
		{3A1032D6-653E-4737-87A7-9B7D33A1F617}.Debug|x64.Build.0 = Debug|x64
		{3A1032D6-653E-4737-87A7-9B7D33A1F617}.Release|x64.ActiveCfg = Release|x64
		{3A1032D6-653E-4737-87A7-9B7D33A1F617}.Release|x64.Build.0 = Release|x64
		{5B288F83-43DA-4E04-9B50-D5D61CCBE123}.Debug|x64.ActiveCfg = Debug|x64
		{5B288F83-43DA-4E04-9B50-D5D61CCBE123}.Debug|x64.Build.0 = Debug|x64
		{5B288F83-43DA-4E04-9B50-D5D61CCBE123}.Release|x64.ActiveCfg = Release|x64
		{5B288F83-43DA-4E04-9B50-D5D61CCBE123}.Release|x64.Build.0 = Release|x64
	EndGlobalSection
	GlobalSection(SolutionProperties) = preSolution
		HideSolutionNode = FALSE
	EndGlobalSection
	GlobalSection(ExtensibilityGlobals) = postSolution
		SolutionGuid = {D0DF7AE5-563F-4A4C-8B0D-53C6C37FDD8B}
	EndGlobalSection
EndGlobal
